
Microsoft Visual Studio Solution File, Format Version 9.00
# Visual Studio 2005
Project("{8BC9CEB8-8B4A-11D0-8D11-00A0C91BC942}") = "MecanumDriveTester", "MecanumDriveTester\MecanumDriveTester.vcproj", "{C1F65FDA-6F53-4E15-B87E-20B00D18D71F}"
EndProject
Global
	GlobalSection(SolutionConfigurationPlatforms) = preSolution
		Debug|Win32 = Debug|Win32
		Release|Win32 = Release|Win32
	EndGlobalSection
	GlobalSection(ProjectConfigurationPlatforms) = postSolution
		{C1F65FDA-6F53-4E15-B87E-20B00D18D71F}.Debug|Win32.ActiveCfg = Debug|Win32
		{C1F65FDA-6F53-4E15-B87E-20B00D18D71F}.Debug|Win32.Build.0 = Debug|Win32
		{C1F65FDA-6F53-4E15-B87E-20B00D18D71F}.Release|Win32.ActiveCfg = Release|Win32
		{C1F65FDA-6F53-4E15-B87E-20B00D18D71F}.Release|Win32.Build.0 = Release|Win32
	EndGlobalSection
	GlobalSection(SolutionProperties) = preSolution
		HideSolutionNode = FALSE
	EndGlobalSection
EndGlobal
